
Microsoft Visual Studio Solution File, Format Version 12.00
# Visual Studio Version 17
VisualStudioVersion = 17.4.33403.182
MinimumVisualStudioVersion = 10.0.40219.1
Project("{9A19103F-16F7-4668-BE54-9A1E7A4F7556}") = "WebApp", "WebApp\WebApp.csproj", "{D1662723-E998-456F-A660-7DEA5A842896}"
	ProjectSection(ProjectDependencies) = postProject
		{5044DDD8-CFCE-4FC3-AF32-0C40AFF55EB4} = {5044DDD8-CFCE-4FC3-AF32-0C40AFF55EB4}
		{A7145A50-61F7-461B-8D73-35E903165FA8} = {A7145A50-61F7-461B-8D73-35E903165FA8}
		{B813EE65-FA42-429B-B9E5-B1AD223BC56B} = {B813EE65-FA42-429B-B9E5-B1AD223BC56B}
		{CC2BD637-62BB-4EAC-912D-6EDA7ECAAB2A} = {CC2BD637-62BB-4EAC-912D-6EDA7ECAAB2A}
	EndProjectSection
EndProject
Project("{2150E333-8FDC-42A3-9474-1A3956D46DE8}") = "Base", "Base", "{3FA84CB5-EB04-47FF-9B61-10E94E93A2E3}"
EndProject
Project("{9A19103F-16F7-4668-BE54-9A1E7A4F7556}") = "Base.Contracts.Domain", "Base.Contracts.Domain\Base.Contracts.Domain.csproj", "{CC2BD637-62BB-4EAC-912D-6EDA7ECAAB2A}"
EndProject
Project("{9A19103F-16F7-4668-BE54-9A1E7A4F7556}") = "Base.Domain", "Base.Domain\Base.Domain.csproj", "{A7145A50-61F7-461B-8D73-35E903165FA8}"
EndProject
Project("{2150E333-8FDC-42A3-9474-1A3956D46DE8}") = "App", "App", "{85E20BBB-C32F-4974-BB8F-84E56A9ADE66}"
EndProject
Project("{2150E333-8FDC-42A3-9474-1A3956D46DE8}") = "Solution Items", "Solution Items", "{BEE7C978-42FD-4A62-8EE2-A5D72CFBBB55}"
	ProjectSection(SolutionItems) = preProject
		.dockerignore = .dockerignore
		.gitignore = .gitignore
		Directory.Build.props = Directory.Build.props
		docker-compose.yml = docker-compose.yml
		README.md = README.md
	EndProjectSection
EndProject
Project("{9A19103F-16F7-4668-BE54-9A1E7A4F7556}") = "App.Domain", "App.Domain\App.Domain.csproj", "{B813EE65-FA42-429B-B9E5-B1AD223BC56B}"
EndProject
Project("{9A19103F-16F7-4668-BE54-9A1E7A4F7556}") = "App.Resources", "App.Resources\App.Resources.csproj", "{5044DDD8-CFCE-4FC3-AF32-0C40AFF55EB4}"
EndProject
Project("{9A19103F-16F7-4668-BE54-9A1E7A4F7556}") = "Helpers.WebApp", "Helpers.WebApp\Helpers.WebApp.csproj", "{33D7B0C7-FB31-422D-9603-86ABEA7DEE3E}"
EndProject
Project("{9A19103F-16F7-4668-BE54-9A1E7A4F7556}") = "App.DAL.EF", "App.DAL.EF\App.DAL.EF.csproj", "{C31D403E-A3A3-46FC-9D12-892BEFD52F0E}"
EndProject
Project("{9A19103F-16F7-4668-BE54-9A1E7A4F7556}") = "Base.Extensions", "Base.Extensions\Base.Extensions.csproj", "{277E59FA-4DED-452A-8935-58371E34A3D4}"
EndProject
Project("{9A19103F-16F7-4668-BE54-9A1E7A4F7556}") = "Base.Resources", "Base.Resources\Base.Resources.csproj", "{5EAD4A05-A2E1-4ED6-8A3F-1CA3FF1FEDAC}"
EndProject
Global
	GlobalSection(SolutionConfigurationPlatforms) = preSolution
		Debug|Any CPU = Debug|Any CPU
		Release|Any CPU = Release|Any CPU
	EndGlobalSection
	GlobalSection(ProjectConfigurationPlatforms) = postSolution
		{D1662723-E998-456F-A660-7DEA5A842896}.Debug|Any CPU.ActiveCfg = Debug|Any CPU
		{D1662723-E998-456F-A660-7DEA5A842896}.Debug|Any CPU.Build.0 = Debug|Any CPU
		{D1662723-E998-456F-A660-7DEA5A842896}.Release|Any CPU.ActiveCfg = Release|Any CPU
		{D1662723-E998-456F-A660-7DEA5A842896}.Release|Any CPU.Build.0 = Release|Any CPU
		{CC2BD637-62BB-4EAC-912D-6EDA7ECAAB2A}.Debug|Any CPU.ActiveCfg = Debug|Any CPU
		{CC2BD637-62BB-4EAC-912D-6EDA7ECAAB2A}.Debug|Any CPU.Build.0 = Debug|Any CPU
		{CC2BD637-62BB-4EAC-912D-6EDA7ECAAB2A}.Release|Any CPU.ActiveCfg = Release|Any CPU
		{CC2BD637-62BB-4EAC-912D-6EDA7ECAAB2A}.Release|Any CPU.Build.0 = Release|Any CPU
		{A7145A50-61F7-461B-8D73-35E903165FA8}.Debug|Any CPU.ActiveCfg = Debug|Any CPU
		{A7145A50-61F7-461B-8D73-35E903165FA8}.Debug|Any CPU.Build.0 = Debug|Any CPU
		{A7145A50-61F7-461B-8D73-35E903165FA8}.Release|Any CPU.ActiveCfg = Release|Any CPU
		{A7145A50-61F7-461B-8D73-35E903165FA8}.Release|Any CPU.Build.0 = Release|Any CPU
		{B813EE65-FA42-429B-B9E5-B1AD223BC56B}.Debug|Any CPU.ActiveCfg = Debug|Any CPU
		{B813EE65-FA42-429B-B9E5-B1AD223BC56B}.Debug|Any CPU.Build.0 = Debug|Any CPU
		{B813EE65-FA42-429B-B9E5-B1AD223BC56B}.Release|Any CPU.ActiveCfg = Release|Any CPU
		{B813EE65-FA42-429B-B9E5-B1AD223BC56B}.Release|Any CPU.Build.0 = Release|Any CPU
		{5044DDD8-CFCE-4FC3-AF32-0C40AFF55EB4}.Debug|Any CPU.ActiveCfg = Debug|Any CPU
		{5044DDD8-CFCE-4FC3-AF32-0C40AFF55EB4}.Debug|Any CPU.Build.0 = Debug|Any CPU
		{5044DDD8-CFCE-4FC3-AF32-0C40AFF55EB4}.Release|Any CPU.ActiveCfg = Release|Any CPU
		{5044DDD8-CFCE-4FC3-AF32-0C40AFF55EB4}.Release|Any CPU.Build.0 = Release|Any CPU
		{33D7B0C7-FB31-422D-9603-86ABEA7DEE3E}.Debug|Any CPU.ActiveCfg = Debug|Any CPU
		{33D7B0C7-FB31-422D-9603-86ABEA7DEE3E}.Debug|Any CPU.Build.0 = Debug|Any CPU
		{33D7B0C7-FB31-422D-9603-86ABEA7DEE3E}.Release|Any CPU.ActiveCfg = Release|Any CPU
		{33D7B0C7-FB31-422D-9603-86ABEA7DEE3E}.Release|Any CPU.Build.0 = Release|Any CPU
		{C31D403E-A3A3-46FC-9D12-892BEFD52F0E}.Debug|Any CPU.ActiveCfg = Debug|Any CPU
		{C31D403E-A3A3-46FC-9D12-892BEFD52F0E}.Debug|Any CPU.Build.0 = Debug|Any CPU
		{C31D403E-A3A3-46FC-9D12-892BEFD52F0E}.Release|Any CPU.ActiveCfg = Release|Any CPU
		{C31D403E-A3A3-46FC-9D12-892BEFD52F0E}.Release|Any CPU.Build.0 = Release|Any CPU
		{277E59FA-4DED-452A-8935-58371E34A3D4}.Debug|Any CPU.ActiveCfg = Debug|Any CPU
		{277E59FA-4DED-452A-8935-58371E34A3D4}.Debug|Any CPU.Build.0 = Debug|Any CPU
		{277E59FA-4DED-452A-8935-58371E34A3D4}.Release|Any CPU.ActiveCfg = Release|Any CPU
		{277E59FA-4DED-452A-8935-58371E34A3D4}.Release|Any CPU.Build.0 = Release|Any CPU
		{5EAD4A05-A2E1-4ED6-8A3F-1CA3FF1FEDAC}.Debug|Any CPU.ActiveCfg = Debug|Any CPU
		{5EAD4A05-A2E1-4ED6-8A3F-1CA3FF1FEDAC}.Debug|Any CPU.Build.0 = Debug|Any CPU
		{5EAD4A05-A2E1-4ED6-8A3F-1CA3FF1FEDAC}.Release|Any CPU.ActiveCfg = Release|Any CPU
		{5EAD4A05-A2E1-4ED6-8A3F-1CA3FF1FEDAC}.Release|Any CPU.Build.0 = Release|Any CPU
	EndGlobalSection
	GlobalSection(SolutionProperties) = preSolution
		HideSolutionNode = FALSE
	EndGlobalSection
	GlobalSection(NestedProjects) = preSolution
		{D1662723-E998-456F-A660-7DEA5A842896} = {85E20BBB-C32F-4974-BB8F-84E56A9ADE66}
		{CC2BD637-62BB-4EAC-912D-6EDA7ECAAB2A} = {3FA84CB5-EB04-47FF-9B61-10E94E93A2E3}
		{A7145A50-61F7-461B-8D73-35E903165FA8} = {3FA84CB5-EB04-47FF-9B61-10E94E93A2E3}
		{B813EE65-FA42-429B-B9E5-B1AD223BC56B} = {85E20BBB-C32F-4974-BB8F-84E56A9ADE66}
		{5044DDD8-CFCE-4FC3-AF32-0C40AFF55EB4} = {85E20BBB-C32F-4974-BB8F-84E56A9ADE66}
		{33D7B0C7-FB31-422D-9603-86ABEA7DEE3E} = {3FA84CB5-EB04-47FF-9B61-10E94E93A2E3}
		{C31D403E-A3A3-46FC-9D12-892BEFD52F0E} = {85E20BBB-C32F-4974-BB8F-84E56A9ADE66}
		{277E59FA-4DED-452A-8935-58371E34A3D4} = {3FA84CB5-EB04-47FF-9B61-10E94E93A2E3}
		{5EAD4A05-A2E1-4ED6-8A3F-1CA3FF1FEDAC} = {3FA84CB5-EB04-47FF-9B61-10E94E93A2E3}
	EndGlobalSection
	GlobalSection(ExtensibilityGlobals) = postSolution
		SolutionGuid = {C0ADFB77-63C4-4662-A913-0D846679FE0E}
	EndGlobalSection
EndGlobal
